
Microsoft Visual Studio Solution File, Format Version 12.00
# Visual Studio Version 16
VisualStudioVersion = 16.0.30907.101
MinimumVisualStudioVersion = 10.0.40219.1
Project("{9A19103F-16F7-4668-BE54-9A1E7A4F7556}") = "Type data", "Type data\Type data.csproj", "{D6559E05-89AB-4F93-9A80-2B3DE48219FD}"
EndProject
Project("{9A19103F-16F7-4668-BE54-9A1E7A4F7556}") = "BlackJack", "BlackJack\BlackJack.csproj", "{247EA3A8-AB53-4DBB-939E-51A226114E81}"
EndProject
Project("{9A19103F-16F7-4668-BE54-9A1E7A4F7556}") = "adress book", "adress book\adress book.csproj", "{6584E2E0-C514-44AD-9E6D-F8660319985B}"
EndProject
Project("{9A19103F-16F7-4668-BE54-9A1E7A4F7556}") = "Ментор_2_3_1", "Ментор_2_3_1\Ментор_2_3_1.csproj", "{4CCDAE8B-5E8C-48DC-AA86-F5AB589E5507}"
EndProject
Project("{9A19103F-16F7-4668-BE54-9A1E7A4F7556}") = "calcolator easy", "calcolator easy\calcolator easy.csproj", "{1DF2DF2A-1448-42B8-9686-AA8609A964B7}"
EndProject
Project("{9A19103F-16F7-4668-BE54-9A1E7A4F7556}") = "calculator through functions", "calculator through functions\calculator through functions.csproj", "{3C29277C-DADA-4824-9913-2B4C22E1DBE3}"
EndProject
Project("{9A19103F-16F7-4668-BE54-9A1E7A4F7556}") = "HuntTheWumpus", "HuntTheWumpus\HuntTheWumpus.csproj", "{9E67AECF-5E97-4CF8-AB84-AF08177A957E}"
EndProject
Project("{9A19103F-16F7-4668-BE54-9A1E7A4F7556}") = "MyList", "MyList\MyList.csproj", "{E0284FA4-0D2B-4ACF-BBB7-6F03B492F87D}"
EndProject
Project("{9A19103F-16F7-4668-BE54-9A1E7A4F7556}") = "ToDoList", "ToDoList\ToDoList.csproj", "{FDE0D40F-540D-4304-A53F-F9FCC5D44B38}"
EndProject
Project("{FAE04EC0-301F-11D3-BF4B-00C04F79EFBC}") = "Market", "Market\Market.csproj", "{40FDE033-24F7-4FF6-AC3B-EA4650F59CFF}"
EndProject
Global
	GlobalSection(SolutionConfigurationPlatforms) = preSolution
		Debug|Any CPU = Debug|Any CPU
		Release|Any CPU = Release|Any CPU
	EndGlobalSection
	GlobalSection(ProjectConfigurationPlatforms) = postSolution
		{D6559E05-89AB-4F93-9A80-2B3DE48219FD}.Debug|Any CPU.ActiveCfg = Debug|Any CPU
		{D6559E05-89AB-4F93-9A80-2B3DE48219FD}.Debug|Any CPU.Build.0 = Debug|Any CPU
		{D6559E05-89AB-4F93-9A80-2B3DE48219FD}.Release|Any CPU.ActiveCfg = Release|Any CPU
		{D6559E05-89AB-4F93-9A80-2B3DE48219FD}.Release|Any CPU.Build.0 = Release|Any CPU
		{247EA3A8-AB53-4DBB-939E-51A226114E81}.Debug|Any CPU.ActiveCfg = Debug|Any CPU
		{247EA3A8-AB53-4DBB-939E-51A226114E81}.Debug|Any CPU.Build.0 = Debug|Any CPU
		{247EA3A8-AB53-4DBB-939E-51A226114E81}.Release|Any CPU.ActiveCfg = Release|Any CPU
		{247EA3A8-AB53-4DBB-939E-51A226114E81}.Release|Any CPU.Build.0 = Release|Any CPU
		{6584E2E0-C514-44AD-9E6D-F8660319985B}.Debug|Any CPU.ActiveCfg = Debug|Any CPU
		{6584E2E0-C514-44AD-9E6D-F8660319985B}.Debug|Any CPU.Build.0 = Debug|Any CPU
		{6584E2E0-C514-44AD-9E6D-F8660319985B}.Release|Any CPU.ActiveCfg = Release|Any CPU
		{6584E2E0-C514-44AD-9E6D-F8660319985B}.Release|Any CPU.Build.0 = Release|Any CPU
		{4CCDAE8B-5E8C-48DC-AA86-F5AB589E5507}.Debug|Any CPU.ActiveCfg = Debug|Any CPU
		{4CCDAE8B-5E8C-48DC-AA86-F5AB589E5507}.Debug|Any CPU.Build.0 = Debug|Any CPU
		{4CCDAE8B-5E8C-48DC-AA86-F5AB589E5507}.Release|Any CPU.ActiveCfg = Release|Any CPU
		{4CCDAE8B-5E8C-48DC-AA86-F5AB589E5507}.Release|Any CPU.Build.0 = Release|Any CPU
		{1DF2DF2A-1448-42B8-9686-AA8609A964B7}.Debug|Any CPU.ActiveCfg = Debug|Any CPU
		{1DF2DF2A-1448-42B8-9686-AA8609A964B7}.Debug|Any CPU.Build.0 = Debug|Any CPU
		{1DF2DF2A-1448-42B8-9686-AA8609A964B7}.Release|Any CPU.ActiveCfg = Release|Any CPU
		{1DF2DF2A-1448-42B8-9686-AA8609A964B7}.Release|Any CPU.Build.0 = Release|Any CPU
		{3C29277C-DADA-4824-9913-2B4C22E1DBE3}.Debug|Any CPU.ActiveCfg = Debug|Any CPU
		{3C29277C-DADA-4824-9913-2B4C22E1DBE3}.Debug|Any CPU.Build.0 = Debug|Any CPU
		{3C29277C-DADA-4824-9913-2B4C22E1DBE3}.Release|Any CPU.ActiveCfg = Release|Any CPU
		{3C29277C-DADA-4824-9913-2B4C22E1DBE3}.Release|Any CPU.Build.0 = Release|Any CPU
		{9E67AECF-5E97-4CF8-AB84-AF08177A957E}.Debug|Any CPU.ActiveCfg = Debug|Any CPU
		{9E67AECF-5E97-4CF8-AB84-AF08177A957E}.Debug|Any CPU.Build.0 = Debug|Any CPU
		{9E67AECF-5E97-4CF8-AB84-AF08177A957E}.Release|Any CPU.ActiveCfg = Release|Any CPU
		{9E67AECF-5E97-4CF8-AB84-AF08177A957E}.Release|Any CPU.Build.0 = Release|Any CPU
		{E0284FA4-0D2B-4ACF-BBB7-6F03B492F87D}.Debug|Any CPU.ActiveCfg = Debug|Any CPU
		{E0284FA4-0D2B-4ACF-BBB7-6F03B492F87D}.Debug|Any CPU.Build.0 = Debug|Any CPU
		{E0284FA4-0D2B-4ACF-BBB7-6F03B492F87D}.Release|Any CPU.ActiveCfg = Release|Any CPU
		{E0284FA4-0D2B-4ACF-BBB7-6F03B492F87D}.Release|Any CPU.Build.0 = Release|Any CPU
		{FDE0D40F-540D-4304-A53F-F9FCC5D44B38}.Debug|Any CPU.ActiveCfg = Debug|Any CPU
		{FDE0D40F-540D-4304-A53F-F9FCC5D44B38}.Debug|Any CPU.Build.0 = Debug|Any CPU
		{FDE0D40F-540D-4304-A53F-F9FCC5D44B38}.Release|Any CPU.ActiveCfg = Release|Any CPU
		{FDE0D40F-540D-4304-A53F-F9FCC5D44B38}.Release|Any CPU.Build.0 = Release|Any CPU
		{40FDE033-24F7-4FF6-AC3B-EA4650F59CFF}.Debug|Any CPU.ActiveCfg = Debug|Any CPU
		{40FDE033-24F7-4FF6-AC3B-EA4650F59CFF}.Debug|Any CPU.Build.0 = Debug|Any CPU
		{40FDE033-24F7-4FF6-AC3B-EA4650F59CFF}.Release|Any CPU.ActiveCfg = Release|Any CPU
		{40FDE033-24F7-4FF6-AC3B-EA4650F59CFF}.Release|Any CPU.Build.0 = Release|Any CPU
	EndGlobalSection
	GlobalSection(SolutionProperties) = preSolution
		HideSolutionNode = FALSE
	EndGlobalSection
	GlobalSection(ExtensibilityGlobals) = postSolution
		SolutionGuid = {17E967B4-528C-45F8-B9FC-8532FF62CD7A}
	EndGlobalSection
EndGlobal
