
Microsoft Visual Studio Solution File, Format Version 12.00
# Visual Studio Version 16
VisualStudioVersion = 16.0.31005.135
MinimumVisualStudioVersion = 10.0.40219.1
Project("{9A19103F-16F7-4668-BE54-9A1E7A4F7556}") = "HuntTheWumpus", "HuntTheWumpus.csproj", "{B36CA28C-2166-4F9D-A13E-6B494B8C739C}"
EndProject
Global
	GlobalSection(SolutionConfigurationPlatforms) = preSolution
		Debug|Any CPU = Debug|Any CPU
		Release|Any CPU = Release|Any CPU
	EndGlobalSection
	GlobalSection(ProjectConfigurationPlatforms) = postSolution
		{B36CA28C-2166-4F9D-A13E-6B494B8C739C}.Debug|Any CPU.ActiveCfg = Debug|Any CPU
		{B36CA28C-2166-4F9D-A13E-6B494B8C739C}.Debug|Any CPU.Build.0 = Debug|Any CPU
		{B36CA28C-2166-4F9D-A13E-6B494B8C739C}.Release|Any CPU.ActiveCfg = Release|Any CPU
		{B36CA28C-2166-4F9D-A13E-6B494B8C739C}.Release|Any CPU.Build.0 = Release|Any CPU
	EndGlobalSection
	GlobalSection(SolutionProperties) = preSolution
		HideSolutionNode = FALSE
	EndGlobalSection
	GlobalSection(ExtensibilityGlobals) = postSolution
		SolutionGuid = {271C5DBB-2AD9-4243-AB83-02C8915023BC}
	EndGlobalSection
EndGlobal
